
Microsoft Visual Studio Solution File, Format Version 12.00
# Visual Studio Version 16
VisualStudioVersion = 16.0.31205.134
MinimumVisualStudioVersion = 10.0.40219.1
Project("{FAE04EC0-301F-11D3-BF4B-00C04F79EFBC}") = "zad2_w61922", "zad2_w61922\zad2_w61922.csproj", "{1DA99E55-DCDC-4D96-B660-1BC1EFC39A5D}"
EndProject
Global
	GlobalSection(SolutionConfigurationPlatforms) = preSolution
		Debug|Any CPU = Debug|Any CPU
		Release|Any CPU = Release|Any CPU
	EndGlobalSection
	GlobalSection(ProjectConfigurationPlatforms) = postSolution
		{1DA99E55-DCDC-4D96-B660-1BC1EFC39A5D}.Debug|Any CPU.ActiveCfg = Debug|Any CPU
		{1DA99E55-DCDC-4D96-B660-1BC1EFC39A5D}.Debug|Any CPU.Build.0 = Debug|Any CPU
		{1DA99E55-DCDC-4D96-B660-1BC1EFC39A5D}.Release|Any CPU.ActiveCfg = Release|Any CPU
		{1DA99E55-DCDC-4D96-B660-1BC1EFC39A5D}.Release|Any CPU.Build.0 = Release|Any CPU
	EndGlobalSection
	GlobalSection(SolutionProperties) = preSolution
		HideSolutionNode = FALSE
	EndGlobalSection
	GlobalSection(ExtensibilityGlobals) = postSolution
		SolutionGuid = {5B89B418-AD0D-4F06-BA14-07FB9845AAA2}
	EndGlobalSection
EndGlobal
